// !$*UTF8*$!
{
	archiveVersion = 1;
	classes = {
	};
	objectVersion = 55;
	objects = {

/* Begin PBXBuildFile section */
		0D27508F99A40B9786AEC3AD /* Pods_GreenHouseApp.framework in Frameworks */ = {isa = PBXBuildFile; fileRef = 05623D3C4C2C9AFB5C9B9DBE /* Pods_GreenHouseApp.framework */; };
		7D45C917295C62A60081FF62 /* AppDelegate.swift in Sources */ = {isa = PBXBuildFile; fileRef = 7D45C916295C62A60081FF62 /* AppDelegate.swift */; };
		7D45C919295C62A60081FF62 /* SceneDelegate.swift in Sources */ = {isa = PBXBuildFile; fileRef = 7D45C918295C62A60081FF62 /* SceneDelegate.swift */; };
		7D45C91B295C62A60081FF62 /* AuthorizationViewController.swift in Sources */ = {isa = PBXBuildFile; fileRef = 7D45C91A295C62A60081FF62 /* AuthorizationViewController.swift */; };
		7D45C921295C62A60081FF62 /* GreenHouseApp.xcdatamodeld in Sources */ = {isa = PBXBuildFile; fileRef = 7D45C91F295C62A60081FF62 /* GreenHouseApp.xcdatamodeld */; };
		7D45C923295C62A90081FF62 /* Assets.xcassets in Resources */ = {isa = PBXBuildFile; fileRef = 7D45C922295C62A90081FF62 /* Assets.xcassets */; };
		7D45C926295C62A90081FF62 /* LaunchScreen.storyboard in Resources */ = {isa = PBXBuildFile; fileRef = 7D45C924295C62A90081FF62 /* LaunchScreen.storyboard */; };
		7D45C92F295C6BB40081FF62 /* AuthorizationView.swift in Sources */ = {isa = PBXBuildFile; fileRef = 7D45C92E295C6BB40081FF62 /* AuthorizationView.swift */; };
		7D45C933295CD1860081FF62 /* CodeValidViewController.swift in Sources */ = {isa = PBXBuildFile; fileRef = 7D45C932295CD1860081FF62 /* CodeValidViewController.swift */; };
		7D81DC6B295F15A700D2C62E /* ApiManager.swift in Sources */ = {isa = PBXBuildFile; fileRef = 7D81DC6A295F15A700D2C62E /* ApiManager.swift */; };
		7D81DC6E295F34A700D2C62E /* SendAuthCode.swift in Sources */ = {isa = PBXBuildFile; fileRef = 7D81DC6D295F34A700D2C62E /* SendAuthCode.swift */; };
		7D81DC70295F6F7800D2C62E /* CodeValidView.swift in Sources */ = {isa = PBXBuildFile; fileRef = 7D81DC6F295F6F7700D2C62E /* CodeValidView.swift */; };
		7D97BD422961CF5800A4FBB6 /* CheckAuthCode.swift in Sources */ = {isa = PBXBuildFile; fileRef = 7D97BD412961CF5800A4FBB6 /* CheckAuthCode.swift */; };
		7D97BD442961D5E100A4FBB6 /* LogInViewController.swift in Sources */ = {isa = PBXBuildFile; fileRef = 7D97BD432961D5E100A4FBB6 /* LogInViewController.swift */; };
/* End PBXBuildFile section */

/* Begin PBXFileReference section */
		05623D3C4C2C9AFB5C9B9DBE /* Pods_GreenHouseApp.framework */ = {isa = PBXFileReference; explicitFileType = wrapper.framework; includeInIndex = 0; path = Pods_GreenHouseApp.framework; sourceTree = BUILT_PRODUCTS_DIR; };
		17CC91FA786F2DF00D05F0F0 /* Pods-GreenHouseApp.release.xcconfig */ = {isa = PBXFileReference; includeInIndex = 1; lastKnownFileType = text.xcconfig; name = "Pods-GreenHouseApp.release.xcconfig"; path = "Target Support Files/Pods-GreenHouseApp/Pods-GreenHouseApp.release.xcconfig"; sourceTree = "<group>"; };
		6E0A379A28D8E153AA003C0D /* Pods-GreenHouseApp.debug.xcconfig */ = {isa = PBXFileReference; includeInIndex = 1; lastKnownFileType = text.xcconfig; name = "Pods-GreenHouseApp.debug.xcconfig"; path = "Target Support Files/Pods-GreenHouseApp/Pods-GreenHouseApp.debug.xcconfig"; sourceTree = "<group>"; };
		7D45C913295C62A60081FF62 /* GreenHouseApp.app */ = {isa = PBXFileReference; explicitFileType = wrapper.application; includeInIndex = 0; path = GreenHouseApp.app; sourceTree = BUILT_PRODUCTS_DIR; };
		7D45C916295C62A60081FF62 /* AppDelegate.swift */ = {isa = PBXFileReference; lastKnownFileType = sourcecode.swift; path = AppDelegate.swift; sourceTree = "<group>"; };
		7D45C918295C62A60081FF62 /* SceneDelegate.swift */ = {isa = PBXFileReference; lastKnownFileType = sourcecode.swift; path = SceneDelegate.swift; sourceTree = "<group>"; };
		7D45C91A295C62A60081FF62 /* AuthorizationViewController.swift */ = {isa = PBXFileReference; lastKnownFileType = sourcecode.swift; path = AuthorizationViewController.swift; sourceTree = "<group>"; };
		7D45C920295C62A60081FF62 /* GreenHouseApp.xcdatamodel */ = {isa = PBXFileReference; lastKnownFileType = wrapper.xcdatamodel; path = GreenHouseApp.xcdatamodel; sourceTree = "<group>"; };
		7D45C922295C62A90081FF62 /* Assets.xcassets */ = {isa = PBXFileReference; lastKnownFileType = folder.assetcatalog; path = Assets.xcassets; sourceTree = "<group>"; };
		7D45C925295C62A90081FF62 /* Base */ = {isa = PBXFileReference; lastKnownFileType = file.storyboard; name = Base; path = Base.lproj/LaunchScreen.storyboard; sourceTree = "<group>"; };
		7D45C927295C62A90081FF62 /* Info.plist */ = {isa = PBXFileReference; lastKnownFileType = text.plist.xml; path = Info.plist; sourceTree = "<group>"; };
		7D45C92E295C6BB40081FF62 /* AuthorizationView.swift */ = {isa = PBXFileReference; lastKnownFileType = sourcecode.swift; path = AuthorizationView.swift; sourceTree = "<group>"; };
		7D45C932295CD1860081FF62 /* CodeValidViewController.swift */ = {isa = PBXFileReference; lastKnownFileType = sourcecode.swift; name = CodeValidViewController.swift; path = /Users/fastlee/Desktop/VadimProduct/GreenHouseApp/GreenHouseApp/Application/CodeValidViewController.swift; sourceTree = "<absolute>"; };
		7D81DC6A295F15A700D2C62E /* ApiManager.swift */ = {isa = PBXFileReference; lastKnownFileType = sourcecode.swift; path = ApiManager.swift; sourceTree = "<group>"; };
		7D81DC6D295F34A700D2C62E /* SendAuthCode.swift */ = {isa = PBXFileReference; lastKnownFileType = sourcecode.swift; path = SendAuthCode.swift; sourceTree = "<group>"; };
		7D81DC6F295F6F7700D2C62E /* CodeValidView.swift */ = {isa = PBXFileReference; lastKnownFileType = sourcecode.swift; path = CodeValidView.swift; sourceTree = "<group>"; };
		7D97BD412961CF5800A4FBB6 /* CheckAuthCode.swift */ = {isa = PBXFileReference; lastKnownFileType = sourcecode.swift; path = CheckAuthCode.swift; sourceTree = "<group>"; };
		7D97BD432961D5E100A4FBB6 /* LogInViewController.swift */ = {isa = PBXFileReference; lastKnownFileType = sourcecode.swift; path = LogInViewController.swift; sourceTree = "<group>"; };
/* End PBXFileReference section */

/* Begin PBXFrameworksBuildPhase section */
		7D45C910295C62A60081FF62 /* Frameworks */ = {
			isa = PBXFrameworksBuildPhase;
			buildActionMask = 2147483647;
			files = (
				0D27508F99A40B9786AEC3AD /* Pods_GreenHouseApp.framework in Frameworks */,
			);
			runOnlyForDeploymentPostprocessing = 0;
		};
/* End PBXFrameworksBuildPhase section */

/* Begin PBXGroup section */
		7CAAB78B1D07430E28EDD48E /* Frameworks */ = {
			isa = PBXGroup;
			children = (
				05623D3C4C2C9AFB5C9B9DBE /* Pods_GreenHouseApp.framework */,
			);
			name = Frameworks;
			sourceTree = "<group>";
		};
		7D45C90A295C62A60081FF62 = {
			isa = PBXGroup;
			children = (
				7D97BD432961D5E100A4FBB6 /* LogInViewController.swift */,
				7D45C915295C62A60081FF62 /* GreenHouseApp */,
				7D45C914295C62A60081FF62 /* Products */,
				98D48F98719A38CD9A097AB4 /* Pods */,
				7CAAB78B1D07430E28EDD48E /* Frameworks */,
			);
			sourceTree = "<group>";
		};
		7D45C914295C62A60081FF62 /* Products */ = {
			isa = PBXGroup;
			children = (
				7D45C913295C62A60081FF62 /* GreenHouseApp.app */,
			);
			name = Products;
			sourceTree = "<group>";
		};
		7D45C915295C62A60081FF62 /* GreenHouseApp */ = {
			isa = PBXGroup;
			children = (
				7D45C930295C6BBD0081FF62 /* Application */,
				7D45C934295CD1960081FF62 /* CodeValidViewController */,
				7D45C931295C6BDA0081FF62 /* AuthorizationView */,
				7D45C92D295C679A0081FF62 /* Resources */,
				7D81DC6C295F160700D2C62E /* Services */,
			);
			path = GreenHouseApp;
			sourceTree = "<group>";
		};
		7D45C92D295C679A0081FF62 /* Resources */ = {
			isa = PBXGroup;
			children = (
				7D45C91F295C62A60081FF62 /* GreenHouseApp.xcdatamodeld */,
				7D45C927295C62A90081FF62 /* Info.plist */,
				7D45C922295C62A90081FF62 /* Assets.xcassets */,
				7D45C924295C62A90081FF62 /* LaunchScreen.storyboard */,
			);
			path = Resources;
			sourceTree = "<group>";
		};
		7D45C930295C6BBD0081FF62 /* Application */ = {
			isa = PBXGroup;
			children = (
				7D45C916295C62A60081FF62 /* AppDelegate.swift */,
				7D45C918295C62A60081FF62 /* SceneDelegate.swift */,
			);
			path = Application;
			sourceTree = "<group>";
		};
		7D45C931295C6BDA0081FF62 /* AuthorizationView */ = {
			isa = PBXGroup;
			children = (
				7D45C91A295C62A60081FF62 /* AuthorizationViewController.swift */,
				7D45C92E295C6BB40081FF62 /* AuthorizationView.swift */,
			);
			path = AuthorizationView;
			sourceTree = "<group>";
		};
		7D45C934295CD1960081FF62 /* CodeValidViewController */ = {
			isa = PBXGroup;
			children = (
				7D45C932295CD1860081FF62 /* CodeValidViewController.swift */,
				7D81DC6F295F6F7700D2C62E /* CodeValidView.swift */,
			);
			name = CodeValidViewController;
			path = AuthorizationView;
			sourceTree = "<group>";
		};
		7D81DC6C295F160700D2C62E /* Services */ = {
			isa = PBXGroup;
			children = (
				7D81DC6A295F15A700D2C62E /* ApiManager.swift */,
				7D81DC6D295F34A700D2C62E /* SendAuthCode.swift */,
				7D97BD412961CF5800A4FBB6 /* CheckAuthCode.swift */,
			);
			path = Services;
			sourceTree = "<group>";
		};
		98D48F98719A38CD9A097AB4 /* Pods */ = {
			isa = PBXGroup;
			children = (
				6E0A379A28D8E153AA003C0D /* Pods-GreenHouseApp.debug.xcconfig */,
				17CC91FA786F2DF00D05F0F0 /* Pods-GreenHouseApp.release.xcconfig */,
			);
			path = Pods;
			sourceTree = "<group>";
		};
/* End PBXGroup section */

/* Begin PBXNativeTarget section */
		7D45C912295C62A60081FF62 /* GreenHouseApp */ = {
			isa = PBXNativeTarget;
			buildConfigurationList = 7D45C92A295C62A90081FF62 /* Build configuration list for PBXNativeTarget "GreenHouseApp" */;
			buildPhases = (
				BBB61D8300F028D2D45983CA /* [CP] Check Pods Manifest.lock */,
				7D45C90F295C62A60081FF62 /* Sources */,
				7D45C910295C62A60081FF62 /* Frameworks */,
				7D45C911295C62A60081FF62 /* Resources */,
				2657D1C12CF262CEF52205AD /* [CP] Embed Pods Frameworks */,
			);
			buildRules = (
			);
			dependencies = (
			);
			name = GreenHouseApp;
			productName = GreenHouseApp;
			productReference = 7D45C913295C62A60081FF62 /* GreenHouseApp.app */;
			productType = "com.apple.product-type.application";
		};
/* End PBXNativeTarget section */

/* Begin PBXProject section */
		7D45C90B295C62A60081FF62 /* Project object */ = {
			isa = PBXProject;
			attributes = {
				BuildIndependentTargetsInParallel = 1;
				LastSwiftUpdateCheck = 1320;
				LastUpgradeCheck = 1320;
				TargetAttributes = {
					7D45C912295C62A60081FF62 = {
						CreatedOnToolsVersion = 13.2.1;
					};
				};
			};
			buildConfigurationList = 7D45C90E295C62A60081FF62 /* Build configuration list for PBXProject "GreenHouseApp" */;
			compatibilityVersion = "Xcode 13.0";
			developmentRegion = en;
			hasScannedForEncodings = 0;
			knownRegions = (
				en,
				Base,
			);
			mainGroup = 7D45C90A295C62A60081FF62;
			productRefGroup = 7D45C914295C62A60081FF62 /* Products */;
			projectDirPath = "";
			projectRoot = "";
			targets = (
				7D45C912295C62A60081FF62 /* GreenHouseApp */,
			);
		};
/* End PBXProject section */

/* Begin PBXResourcesBuildPhase section */
		7D45C911295C62A60081FF62 /* Resources */ = {
			isa = PBXResourcesBuildPhase;
			buildActionMask = 2147483647;
			files = (
				7D45C926295C62A90081FF62 /* LaunchScreen.storyboard in Resources */,
				7D45C923295C62A90081FF62 /* Assets.xcassets in Resources */,
			);
			runOnlyForDeploymentPostprocessing = 0;
		};
/* End PBXResourcesBuildPhase section */

/* Begin PBXShellScriptBuildPhase section */
		2657D1C12CF262CEF52205AD /* [CP] Embed Pods Frameworks */ = {
			isa = PBXShellScriptBuildPhase;
			buildActionMask = 2147483647;
			files = (
			);
			inputFileListPaths = (
				"${PODS_ROOT}/Target Support Files/Pods-GreenHouseApp/Pods-GreenHouseApp-frameworks-${CONFIGURATION}-input-files.xcfilelist",
			);
			name = "[CP] Embed Pods Frameworks";
			outputFileListPaths = (
				"${PODS_ROOT}/Target Support Files/Pods-GreenHouseApp/Pods-GreenHouseApp-frameworks-${CONFIGURATION}-output-files.xcfilelist",
			);
			runOnlyForDeploymentPostprocessing = 0;
			shellPath = /bin/sh;
			shellScript = "\"${PODS_ROOT}/Target Support Files/Pods-GreenHouseApp/Pods-GreenHouseApp-frameworks.sh\"\n";
			showEnvVarsInLog = 0;
		};
		BBB61D8300F028D2D45983CA /* [CP] Check Pods Manifest.lock */ = {
			isa = PBXShellScriptBuildPhase;
			buildActionMask = 2147483647;
			files = (
			);
			inputFileListPaths = (
			);
			inputPaths = (
				"${PODS_PODFILE_DIR_PATH}/Podfile.lock",
				"${PODS_ROOT}/Manifest.lock",
			);
			name = "[CP] Check Pods Manifest.lock";
			outputFileListPaths = (
			);
			outputPaths = (
				"$(DERIVED_FILE_DIR)/Pods-GreenHouseApp-checkManifestLockResult.txt",
			);
			runOnlyForDeploymentPostprocessing = 0;
			shellPath = /bin/sh;
			shellScript = "diff \"${PODS_PODFILE_DIR_PATH}/Podfile.lock\" \"${PODS_ROOT}/Manifest.lock\" > /dev/null\nif [ $? != 0 ] ; then\n    # print error to STDERR\n    echo \"error: The sandbox is not in sync with the Podfile.lock. Run 'pod install' or update your CocoaPods installation.\" >&2\n    exit 1\nfi\n# This output is used by Xcode 'outputs' to avoid re-running this script phase.\necho \"SUCCESS\" > \"${SCRIPT_OUTPUT_FILE_0}\"\n";
			showEnvVarsInLog = 0;
		};
/* End PBXShellScriptBuildPhase section */

/* Begin PBXSourcesBuildPhase section */
		7D45C90F295C62A60081FF62 /* Sources */ = {
			isa = PBXSourcesBuildPhase;
			buildActionMask = 2147483647;
			files = (
				7D45C921295C62A60081FF62 /* GreenHouseApp.xcdatamodeld in Sources */,
				7D45C91B295C62A60081FF62 /* AuthorizationViewController.swift in Sources */,
				7D97BD442961D5E100A4FBB6 /* LogInViewController.swift in Sources */,
				7D45C917295C62A60081FF62 /* AppDelegate.swift in Sources */,
				7D81DC6B295F15A700D2C62E /* ApiManager.swift in Sources */,
				7D81DC70295F6F7800D2C62E /* CodeValidView.swift in Sources */,
				7D97BD422961CF5800A4FBB6 /* CheckAuthCode.swift in Sources */,
				7D81DC6E295F34A700D2C62E /* SendAuthCode.swift in Sources */,
				7D45C92F295C6BB40081FF62 /* AuthorizationView.swift in Sources */,
				7D45C933295CD1860081FF62 /* CodeValidViewController.swift in Sources */,
				7D45C919295C62A60081FF62 /* SceneDelegate.swift in Sources */,
			);
			runOnlyForDeploymentPostprocessing = 0;
		};
/* End PBXSourcesBuildPhase section */

/* Begin PBXVariantGroup section */
		7D45C924295C62A90081FF62 /* LaunchScreen.storyboard */ = {
			isa = PBXVariantGroup;
			children = (
				7D45C925295C62A90081FF62 /* Base */,
			);
			name = LaunchScreen.storyboard;
			sourceTree = "<group>";
		};
/* End PBXVariantGroup section */

/* Begin XCBuildConfiguration section */
		7D45C928295C62A90081FF62 /* Debug */ = {
			isa = XCBuildConfiguration;
			buildSettings = {
				ALWAYS_SEARCH_USER_PATHS = NO;
				CLANG_ANALYZER_NONNULL = YES;
				CLANG_ANALYZER_NUMBER_OBJECT_CONVERSION = YES_AGGRESSIVE;
				CLANG_CXX_LANGUAGE_STANDARD = "gnu++17";
				CLANG_CXX_LIBRARY = "libc++";
				CLANG_ENABLE_MODULES = YES;
				CLANG_ENABLE_OBJC_ARC = YES;
				CLANG_ENABLE_OBJC_WEAK = YES;
				CLANG_WARN_BLOCK_CAPTURE_AUTORELEASING = YES;
				CLANG_WARN_BOOL_CONVERSION = YES;
				CLANG_WARN_COMMA = YES;
				CLANG_WARN_CONSTANT_CONVERSION = YES;
				CLANG_WARN_DEPRECATED_OBJC_IMPLEMENTATIONS = YES;
				CLANG_WARN_DIRECT_OBJC_ISA_USAGE = YES_ERROR;
				CLANG_WARN_DOCUMENTATION_COMMENTS = YES;
				CLANG_WARN_EMPTY_BODY = YES;
				CLANG_WARN_ENUM_CONVERSION = YES;
				CLANG_WARN_INFINITE_RECURSION = YES;
				CLANG_WARN_INT_CONVERSION = YES;
				CLANG_WARN_NON_LITERAL_NULL_CONVERSION = YES;
				CLANG_WARN_OBJC_IMPLICIT_RETAIN_SELF = YES;
				CLANG_WARN_OBJC_LITERAL_CONVERSION = YES;
				CLANG_WARN_OBJC_ROOT_CLASS = YES_ERROR;
				CLANG_WARN_QUOTED_INCLUDE_IN_FRAMEWORK_HEADER = YES;
				CLANG_WARN_RANGE_LOOP_ANALYSIS = YES;
				CLANG_WARN_STRICT_PROTOTYPES = YES;
				CLANG_WARN_SUSPICIOUS_MOVE = YES;
				CLANG_WARN_UNGUARDED_AVAILABILITY = YES_AGGRESSIVE;
				CLANG_WARN_UNREACHABLE_CODE = YES;
				CLANG_WARN__DUPLICATE_METHOD_MATCH = YES;
				COPY_PHASE_STRIP = NO;
				DEBUG_INFORMATION_FORMAT = dwarf;
				ENABLE_STRICT_OBJC_MSGSEND = YES;
				ENABLE_TESTABILITY = YES;
				GCC_C_LANGUAGE_STANDARD = gnu11;
				GCC_DYNAMIC_NO_PIC = NO;
				GCC_NO_COMMON_BLOCKS = YES;
				GCC_OPTIMIZATION_LEVEL = 0;
				GCC_PREPROCESSOR_DEFINITIONS = (
					"DEBUG=1",
					"$(inherited)",
				);
				GCC_WARN_64_TO_32_BIT_CONVERSION = YES;
				GCC_WARN_ABOUT_RETURN_TYPE = YES_ERROR;
				GCC_WARN_UNDECLARED_SELECTOR = YES;
				GCC_WARN_UNINITIALIZED_AUTOS = YES_AGGRESSIVE;
				GCC_WARN_UNUSED_FUNCTION = YES;
				GCC_WARN_UNUSED_VARIABLE = YES;
				IPHONEOS_DEPLOYMENT_TARGET = 15.2;
				MTL_ENABLE_DEBUG_INFO = INCLUDE_SOURCE;
				MTL_FAST_MATH = YES;
				ONLY_ACTIVE_ARCH = YES;
				SDKROOT = iphoneos;
				SWIFT_ACTIVE_COMPILATION_CONDITIONS = DEBUG;
				SWIFT_OPTIMIZATION_LEVEL = "-Onone";
			};
			name = Debug;
		};
		7D45C929295C62A90081FF62 /* Release */ = {
			isa = XCBuildConfiguration;
			buildSettings = {
				ALWAYS_SEARCH_USER_PATHS = NO;
				CLANG_ANALYZER_NONNULL = YES;
				CLANG_ANALYZER_NUMBER_OBJECT_CONVERSION = YES_AGGRESSIVE;
				CLANG_CXX_LANGUAGE_STANDARD = "gnu++17";
				CLANG_CXX_LIBRARY = "libc++";
				CLANG_ENABLE_MODULES = YES;
				CLANG_ENABLE_OBJC_ARC = YES;
				CLANG_ENABLE_OBJC_WEAK = YES;
				CLANG_WARN_BLOCK_CAPTURE_AUTORELEASING = YES;
				CLANG_WARN_BOOL_CONVERSION = YES;
				CLANG_WARN_COMMA = YES;
				CLANG_WARN_CONSTANT_CONVERSION = YES;
				CLANG_WARN_DEPRECATED_OBJC_IMPLEMENTATIONS = YES;
				CLANG_WARN_DIRECT_OBJC_ISA_USAGE = YES_ERROR;
				CLANG_WARN_DOCUMENTATION_COMMENTS = YES;
				CLANG_WARN_EMPTY_BODY = YES;
				CLANG_WARN_ENUM_CONVERSION = YES;
				CLANG_WARN_INFINITE_RECURSION = YES;
				CLANG_WARN_INT_CONVERSION = YES;
				CLANG_WARN_NON_LITERAL_NULL_CONVERSION = YES;
				CLANG_WARN_OBJC_IMPLICIT_RETAIN_SELF = YES;
				CLANG_WARN_OBJC_LITERAL_CONVERSION = YES;
				CLANG_WARN_OBJC_ROOT_CLASS = YES_ERROR;
				CLANG_WARN_QUOTED_INCLUDE_IN_FRAMEWORK_HEADER = YES;
				CLANG_WARN_RANGE_LOOP_ANALYSIS = YES;
				CLANG_WARN_STRICT_PROTOTYPES = YES;
				CLANG_WARN_SUSPICIOUS_MOVE = YES;
				CLANG_WARN_UNGUARDED_AVAILABILITY = YES_AGGRESSIVE;
				CLANG_WARN_UNREACHABLE_CODE = YES;
				CLANG_WARN__DUPLICATE_METHOD_MATCH = YES;
				COPY_PHASE_STRIP = NO;
				DEBUG_INFORMATION_FORMAT = "dwarf-with-dsym";
				ENABLE_NS_ASSERTIONS = NO;
				ENABLE_STRICT_OBJC_MSGSEND = YES;
				GCC_C_LANGUAGE_STANDARD = gnu11;
				GCC_NO_COMMON_BLOCKS = YES;
				GCC_WARN_64_TO_32_BIT_CONVERSION = YES;
				GCC_WARN_ABOUT_RETURN_TYPE = YES_ERROR;
				GCC_WARN_UNDECLARED_SELECTOR = YES;
				GCC_WARN_UNINITIALIZED_AUTOS = YES_AGGRESSIVE;
				GCC_WARN_UNUSED_FUNCTION = YES;
				GCC_WARN_UNUSED_VARIABLE = YES;
				IPHONEOS_DEPLOYMENT_TARGET = 15.2;
				MTL_ENABLE_DEBUG_INFO = NO;
				MTL_FAST_MATH = YES;
				SDKROOT = iphoneos;
				SWIFT_COMPILATION_MODE = wholemodule;
				SWIFT_OPTIMIZATION_LEVEL = "-O";
				VALIDATE_PRODUCT = YES;
			};
			name = Release;
		};
		7D45C92B295C62A90081FF62 /* Debug */ = {
			isa = XCBuildConfiguration;
			baseConfigurationReference = 6E0A379A28D8E153AA003C0D /* Pods-GreenHouseApp.debug.xcconfig */;
			buildSettings = {
				ASSETCATALOG_COMPILER_APPICON_NAME = AppIcon;
				ASSETCATALOG_COMPILER_GLOBAL_ACCENT_COLOR_NAME = AccentColor;
				CODE_SIGN_STYLE = Automatic;
				CURRENT_PROJECT_VERSION = 1;
				DEVELOPMENT_TEAM = Q584Y8R5N9;
				GENERATE_INFOPLIST_FILE = YES;
				INFOPLIST_FILE = GreenHouseApp/Resources/Info.plist;
				INFOPLIST_KEY_UIApplicationSupportsIndirectInputEvents = YES;
				INFOPLIST_KEY_UILaunchStoryboardName = LaunchScreen;
				INFOPLIST_KEY_UISupportedInterfaceOrientations_iPad = "UIInterfaceOrientationPortrait UIInterfaceOrientationPortraitUpsideDown UIInterfaceOrientationLandscapeLeft UIInterfaceOrientationLandscapeRight";
				INFOPLIST_KEY_UISupportedInterfaceOrientations_iPhone = "UIInterfaceOrientationPortrait UIInterfaceOrientationLandscapeLeft UIInterfaceOrientationLandscapeRight";
				LD_RUNPATH_SEARCH_PATHS = (
					"$(inherited)",
					"@executable_path/Frameworks",
				);
				MARKETING_VERSION = 1.0;
				PRODUCT_BUNDLE_IDENTIFIER = v.GreenHouseApp;
				PRODUCT_NAME = "$(TARGET_NAME)";
				SWIFT_EMIT_LOC_STRINGS = YES;
				SWIFT_VERSION = 5.0;
				TARGETED_DEVICE_FAMILY = 1;
			};
			name = Debug;
		};
		7D45C92C295C62A90081FF62 /* Release */ = {
			isa = XCBuildConfiguration;
			baseConfigurationReference = 17CC91FA786F2DF00D05F0F0 /* Pods-GreenHouseApp.release.xcconfig */;
			buildSettings = {
				ASSETCATALOG_COMPILER_APPICON_NAME = AppIcon;
				ASSETCATALOG_COMPILER_GLOBAL_ACCENT_COLOR_NAME = AccentColor;
				CODE_SIGN_STYLE = Automatic;
				CURRENT_PROJECT_VERSION = 1;
				DEVELOPMENT_TEAM = Q584Y8R5N9;
				GENERATE_INFOPLIST_FILE = YES;
				INFOPLIST_FILE = GreenHouseApp/Resources/Info.plist;
				INFOPLIST_KEY_UIApplicationSupportsIndirectInputEvents = YES;
				INFOPLIST_KEY_UILaunchStoryboardName = LaunchScreen;
				INFOPLIST_KEY_UISupportedInterfaceOrientations_iPad = "UIInterfaceOrientationPortrait UIInterfaceOrientationPortraitUpsideDown UIInterfaceOrientationLandscapeLeft UIInterfaceOrientationLandscapeRight";
				INFOPLIST_KEY_UISupportedInterfaceOrientations_iPhone = "UIInterfaceOrientationPortrait UIInterfaceOrientationLandscapeLeft UIInterfaceOrientationLandscapeRight";
				LD_RUNPATH_SEARCH_PATHS = (
					"$(inherited)",
					"@executable_path/Frameworks",
				);
				MARKETING_VERSION = 1.0;
				PRODUCT_BUNDLE_IDENTIFIER = v.GreenHouseApp;
				PRODUCT_NAME = "$(TARGET_NAME)";
				SWIFT_EMIT_LOC_STRINGS = YES;
				SWIFT_VERSION = 5.0;
				TARGETED_DEVICE_FAMILY = 1;
			};
			name = Release;
		};
/* End XCBuildConfiguration section */

/* Begin XCConfigurationList section */
		7D45C90E295C62A60081FF62 /* Build configuration list for PBXProject "GreenHouseApp" */ = {
			isa = XCConfigurationList;
			buildConfigurations = (
				7D45C928295C62A90081FF62 /* Debug */,
				7D45C929295C62A90081FF62 /* Release */,
			);
			defaultConfigurationIsVisible = 0;
			defaultConfigurationName = Release;
		};
		7D45C92A295C62A90081FF62 /* Build configuration list for PBXNativeTarget "GreenHouseApp" */ = {
			isa = XCConfigurationList;
			buildConfigurations = (
				7D45C92B295C62A90081FF62 /* Debug */,
				7D45C92C295C62A90081FF62 /* Release */,
			);
			defaultConfigurationIsVisible = 0;
			defaultConfigurationName = Release;
		};
/* End XCConfigurationList section */

/* Begin XCVersionGroup section */
		7D45C91F295C62A60081FF62 /* GreenHouseApp.xcdatamodeld */ = {
			isa = XCVersionGroup;
			children = (
				7D45C920295C62A60081FF62 /* GreenHouseApp.xcdatamodel */,
			);
			currentVersion = 7D45C920295C62A60081FF62 /* GreenHouseApp.xcdatamodel */;
			path = GreenHouseApp.xcdatamodeld;
			sourceTree = "<group>";
			versionGroupType = wrapper.xcdatamodel;
		};
/* End XCVersionGroup section */
	};
	rootObject = 7D45C90B295C62A60081FF62 /* Project object */;
}
